
Microsoft Visual Studio Solution File, Format Version 12.00
# Visual Studio Version 17
VisualStudioVersion = 17.1.32421.90
MinimumVisualStudioVersion = 10.0.40219.1
Project("{FAE04EC0-301F-11D3-BF4B-00C04F79EFBC}") = "BackEndV2", "BackEndV2\BackEndV2.csproj", "{B05EF75A-61FA-4338-BB50-3EB2474F408A}"
EndProject
Global
	GlobalSection(SolutionConfigurationPlatforms) = preSolution
		Debug|Any CPU = Debug|Any CPU
		Release|Any CPU = Release|Any CPU
	EndGlobalSection
	GlobalSection(ProjectConfigurationPlatforms) = postSolution
		{B05EF75A-61FA-4338-BB50-3EB2474F408A}.Debug|Any CPU.ActiveCfg = Debug|Any CPU
		{B05EF75A-61FA-4338-BB50-3EB2474F408A}.Debug|Any CPU.Build.0 = Debug|Any CPU
		{B05EF75A-61FA-4338-BB50-3EB2474F408A}.Release|Any CPU.ActiveCfg = Release|Any CPU
		{B05EF75A-61FA-4338-BB50-3EB2474F408A}.Release|Any CPU.Build.0 = Release|Any CPU
	EndGlobalSection
	GlobalSection(SolutionProperties) = preSolution
		HideSolutionNode = FALSE
	EndGlobalSection
	GlobalSection(ExtensibilityGlobals) = postSolution
		SolutionGuid = {3761F588-5A4F-4D1F-874A-8DBC189193C8}
	EndGlobalSection
EndGlobal
